
Microsoft Visual Studio Solution File, Format Version 12.00
# Visual Studio Version 17
VisualStudioVersion = 17.5.33414.496
MinimumVisualStudioVersion = 10.0.40219.1
Project("{FAE04EC0-301F-11D3-BF4B-00C04F79EFBC}") = "ProjAgendaContatosOO", "ProjAgendaContatosOO\ProjAgendaContatosOO.csproj", "{36770847-0E9F-443E-B0CB-750102BE5296}"
EndProject
Global
	GlobalSection(SolutionConfigurationPlatforms) = preSolution
		Debug|Any CPU = Debug|Any CPU
		Release|Any CPU = Release|Any CPU
	EndGlobalSection
	GlobalSection(ProjectConfigurationPlatforms) = postSolution
		{36770847-0E9F-443E-B0CB-750102BE5296}.Debug|Any CPU.ActiveCfg = Debug|Any CPU
		{36770847-0E9F-443E-B0CB-750102BE5296}.Debug|Any CPU.Build.0 = Debug|Any CPU
		{36770847-0E9F-443E-B0CB-750102BE5296}.Release|Any CPU.ActiveCfg = Release|Any CPU
		{36770847-0E9F-443E-B0CB-750102BE5296}.Release|Any CPU.Build.0 = Release|Any CPU
	EndGlobalSection
	GlobalSection(SolutionProperties) = preSolution
		HideSolutionNode = FALSE
	EndGlobalSection
	GlobalSection(ExtensibilityGlobals) = postSolution
		SolutionGuid = {7435D26E-96E3-429C-A6DD-7F6CCDDB9E77}
	EndGlobalSection
EndGlobal
